# This file was autogenerated by Stack.
# You should not edit this file by hand.
# For more information, please see the documentation at:
#   https://docs.haskellstack.org/en/stable/lock_files

packages:
- completed:
    cabal-file:
      size: 2937
      sha256: 4cc62da05435b021c3cf17bb8f1d8d5b2ca1eac56566a6765229c32eb417a439
    name: songmaker
    version: 0.3.0.0
    git: https://github.com/firefrorefiddle/songmaker.git
    pantry-tree:
      size: 1627
      sha256: 76f581bd99a5f7aaff75ff0c2418d793f31da4882a60157b8d960bff9f9b1144
    commit: 579a68453133081a42826164fabb938bd049be6b
  original:
    git: https://github.com/firefrorefiddle/songmaker.git
    commit: 579a68453133081a42826164fabb938bd049be6b
snapshots:
- completed:
    size: 545658
    url: https://raw.githubusercontent.com/commercialhaskell/stackage-snapshots/master/lts/14/12.yaml
    sha256: 26b807457213126d26b595439d705dc824dbb7618b0de6b900adc2bf6a059406
  original: lts-14.12
